
Microsoft Visual Studio Solution File, Format Version 12.00
# Visual Studio Version 17
VisualStudioVersion = 17.0.32112.339
MinimumVisualStudioVersion = 10.0.40219.1
Project("{2150E333-8FDC-42A3-9474-1A3956D46DE8}") = "src", "src", "{BC722766-2CC1-43B9-81E9-499E37D60A39}"
EndProject
Project("{9A19103F-16F7-4668-BE54-9A1E7A4F7556}") = "KN.SafeCommunicationPlatform", "src\KN.SafeCommunicationPlatform\KN.SafeCommunicationPlatform.csproj", "{A26A121A-03D5-4853-AC40-8C27D06F069C}"
EndProject
Project("{2150E333-8FDC-42A3-9474-1A3956D46DE8}") = "Solution Items", "Solution Items", "{1210660F-ECDA-45AA-AAB4-9DC09396F214}"
	ProjectSection(SolutionItems) = preProject
		.editorconfig = .editorconfig
	EndProjectSection
EndProject
Project("{9A19103F-16F7-4668-BE54-9A1E7A4F7556}") = "KN.SafeCommunicationPlatform.Protocols", "src\KN.SafeCommunicationPlatform.Protocols\KN.SafeCommunicationPlatform.Protocols.csproj", "{1257FB74-7CC8-435C-A82E-A2F7D08EA6E9}"
EndProject
Project("{2150E333-8FDC-42A3-9474-1A3956D46DE8}") = "test", "test", "{9CDB7B92-6EF2-4E9D-AB91-7B8B1AF96A0D}"
EndProject
Project("{9A19103F-16F7-4668-BE54-9A1E7A4F7556}") = "KN.SafeCommnunicationPlatform.Protocols.Test", "test\KN.SafeCommnunicationPlatform.Protocols.Test\KN.SafeCommnunicationPlatform.Protocols.Test.csproj", "{A55EF13C-8CE3-4EDD-AD77-093A58712167}"
EndProject
Project("{FAE04EC0-301F-11D3-BF4B-00C04F79EFBC}") = "KN.SafeCommunicationPlatform.Wpf", "src\KN.SafeCommunicationPlatform.Wpf\KN.SafeCommunicationPlatform.Wpf.csproj", "{3505421C-57AD-408D-A3DC-A3DA64246A01}"
EndProject
Global
	GlobalSection(SolutionConfigurationPlatforms) = preSolution
		Debug|Any CPU = Debug|Any CPU
		Release|Any CPU = Release|Any CPU
	EndGlobalSection
	GlobalSection(ProjectConfigurationPlatforms) = postSolution
		{A26A121A-03D5-4853-AC40-8C27D06F069C}.Debug|Any CPU.ActiveCfg = Debug|Any CPU
		{A26A121A-03D5-4853-AC40-8C27D06F069C}.Debug|Any CPU.Build.0 = Debug|Any CPU
		{A26A121A-03D5-4853-AC40-8C27D06F069C}.Release|Any CPU.ActiveCfg = Release|Any CPU
		{A26A121A-03D5-4853-AC40-8C27D06F069C}.Release|Any CPU.Build.0 = Release|Any CPU
		{1257FB74-7CC8-435C-A82E-A2F7D08EA6E9}.Debug|Any CPU.ActiveCfg = Debug|Any CPU
		{1257FB74-7CC8-435C-A82E-A2F7D08EA6E9}.Debug|Any CPU.Build.0 = Debug|Any CPU
		{1257FB74-7CC8-435C-A82E-A2F7D08EA6E9}.Release|Any CPU.ActiveCfg = Release|Any CPU
		{1257FB74-7CC8-435C-A82E-A2F7D08EA6E9}.Release|Any CPU.Build.0 = Release|Any CPU
		{A55EF13C-8CE3-4EDD-AD77-093A58712167}.Debug|Any CPU.ActiveCfg = Debug|Any CPU
		{A55EF13C-8CE3-4EDD-AD77-093A58712167}.Debug|Any CPU.Build.0 = Debug|Any CPU
		{A55EF13C-8CE3-4EDD-AD77-093A58712167}.Release|Any CPU.ActiveCfg = Release|Any CPU
		{A55EF13C-8CE3-4EDD-AD77-093A58712167}.Release|Any CPU.Build.0 = Release|Any CPU
		{3505421C-57AD-408D-A3DC-A3DA64246A01}.Debug|Any CPU.ActiveCfg = Debug|Any CPU
		{3505421C-57AD-408D-A3DC-A3DA64246A01}.Debug|Any CPU.Build.0 = Debug|Any CPU
		{3505421C-57AD-408D-A3DC-A3DA64246A01}.Release|Any CPU.ActiveCfg = Release|Any CPU
		{3505421C-57AD-408D-A3DC-A3DA64246A01}.Release|Any CPU.Build.0 = Release|Any CPU
	EndGlobalSection
	GlobalSection(SolutionProperties) = preSolution
		HideSolutionNode = FALSE
	EndGlobalSection
	GlobalSection(NestedProjects) = preSolution
		{A26A121A-03D5-4853-AC40-8C27D06F069C} = {BC722766-2CC1-43B9-81E9-499E37D60A39}
		{1257FB74-7CC8-435C-A82E-A2F7D08EA6E9} = {BC722766-2CC1-43B9-81E9-499E37D60A39}
		{A55EF13C-8CE3-4EDD-AD77-093A58712167} = {9CDB7B92-6EF2-4E9D-AB91-7B8B1AF96A0D}
		{3505421C-57AD-408D-A3DC-A3DA64246A01} = {BC722766-2CC1-43B9-81E9-499E37D60A39}
	EndGlobalSection
	GlobalSection(ExtensibilityGlobals) = postSolution
		SolutionGuid = {8866886B-1527-4D29-97F0-D0299902483F}
	EndGlobalSection
EndGlobal
